
Microsoft Visual Studio Solution File, Format Version 12.00
# Visual Studio Version 16
VisualStudioVersion = 16.0.33423.256
MinimumVisualStudioVersion = 10.0.40219.1
Project("{FAE04EC0-301F-11D3-BF4B-00C04F79EFBC}") = "tugas novi", "tugas novi.csproj", "{DB96E808-D32A-44EE-8458-ECBA926CFF4A}"
EndProject
Global
	GlobalSection(SolutionConfigurationPlatforms) = preSolution
		Debug|Any CPU = Debug|Any CPU
		Release|Any CPU = Release|Any CPU
	EndGlobalSection
	GlobalSection(ProjectConfigurationPlatforms) = postSolution
		{DB96E808-D32A-44EE-8458-ECBA926CFF4A}.Debug|Any CPU.ActiveCfg = Debug|Any CPU
		{DB96E808-D32A-44EE-8458-ECBA926CFF4A}.Debug|Any CPU.Build.0 = Debug|Any CPU
		{DB96E808-D32A-44EE-8458-ECBA926CFF4A}.Release|Any CPU.ActiveCfg = Release|Any CPU
		{DB96E808-D32A-44EE-8458-ECBA926CFF4A}.Release|Any CPU.Build.0 = Release|Any CPU
	EndGlobalSection
	GlobalSection(SolutionProperties) = preSolution
		HideSolutionNode = FALSE
	EndGlobalSection
	GlobalSection(ExtensibilityGlobals) = postSolution
		SolutionGuid = {2FEA9C52-F324-413C-9BA4-7E3B47C346F6}
	EndGlobalSection
EndGlobal
